
Microsoft Visual Studio Solution File, Format Version 12.00
# Visual Studio Version 17
VisualStudioVersion = 17.10.35013.160
MinimumVisualStudioVersion = 10.0.40219.1
Project("{FAE04EC0-301F-11D3-BF4B-00C04F79EFBC}") = "DependencyConsoleApp", "DependencyConsoleApp\DependencyConsoleApp.csproj", "{17D95AE7-53E3-45E2-B9EA-C5F2196DA6C5}"
EndProject
Project("{FAE04EC0-301F-11D3-BF4B-00C04F79EFBC}") = "AppLogger.Tests", "AppLogger.Tests\AppLogger.Tests.csproj", "{F2F38036-1C44-408F-8F0B-2188BE8986E8}"
EndProject
Global
	GlobalSection(SolutionConfigurationPlatforms) = preSolution
		Debug|Any CPU = Debug|Any CPU
		Release|Any CPU = Release|Any CPU
	EndGlobalSection
	GlobalSection(ProjectConfigurationPlatforms) = postSolution
		{17D95AE7-53E3-45E2-B9EA-C5F2196DA6C5}.Debug|Any CPU.ActiveCfg = Debug|Any CPU
		{17D95AE7-53E3-45E2-B9EA-C5F2196DA6C5}.Debug|Any CPU.Build.0 = Debug|Any CPU
		{17D95AE7-53E3-45E2-B9EA-C5F2196DA6C5}.Release|Any CPU.ActiveCfg = Release|Any CPU
		{17D95AE7-53E3-45E2-B9EA-C5F2196DA6C5}.Release|Any CPU.Build.0 = Release|Any CPU
		{F2F38036-1C44-408F-8F0B-2188BE8986E8}.Debug|Any CPU.ActiveCfg = Debug|Any CPU
		{F2F38036-1C44-408F-8F0B-2188BE8986E8}.Debug|Any CPU.Build.0 = Debug|Any CPU
		{F2F38036-1C44-408F-8F0B-2188BE8986E8}.Release|Any CPU.ActiveCfg = Release|Any CPU
		{F2F38036-1C44-408F-8F0B-2188BE8986E8}.Release|Any CPU.Build.0 = Release|Any CPU
	EndGlobalSection
	GlobalSection(SolutionProperties) = preSolution
		HideSolutionNode = FALSE
	EndGlobalSection
	GlobalSection(ExtensibilityGlobals) = postSolution
		SolutionGuid = {E88DAD51-2F3D-44DE-B3A8-BEC6188088E7}
	EndGlobalSection
EndGlobal
